// !$*UTF8*$!
{
	archiveVersion = 1;
	classes = {
	};
	objectVersion = 50;
	objects = {

/* Begin PBXBuildFile section */
		495D549323E1D88400481CD4 /* AppDelegate.swift in Sources */ = {isa = PBXBuildFile; fileRef = 495D549223E1D88400481CD4 /* AppDelegate.swift */; };
		495D549523E1D88400481CD4 /* ViewController.swift in Sources */ = {isa = PBXBuildFile; fileRef = 495D549423E1D88400481CD4 /* ViewController.swift */; };
		495D549823E1D88400481CD4 /* Main.storyboard in Resources */ = {isa = PBXBuildFile; fileRef = 495D549623E1D88400481CD4 /* Main.storyboard */; };
		495D549A23E1D88600481CD4 /* Assets.xcassets in Resources */ = {isa = PBXBuildFile; fileRef = 495D549923E1D88600481CD4 /* Assets.xcassets */; };
		495D549D23E1D88600481CD4 /* LaunchScreen.storyboard in Resources */ = {isa = PBXBuildFile; fileRef = 495D549B23E1D88600481CD4 /* LaunchScreen.storyboard */; };
		495D54A823E1D88600481CD4 /* ImageCacheriOSTests.swift in Sources */ = {isa = PBXBuildFile; fileRef = 495D54A723E1D88600481CD4 /* ImageCacheriOSTests.swift */; };
		495D54B323E1D88600481CD4 /* ImageCacheriOSUITests.swift in Sources */ = {isa = PBXBuildFile; fileRef = 495D54B223E1D88600481CD4 /* ImageCacheriOSUITests.swift */; };
/* End PBXBuildFile section */

/* Begin PBXContainerItemProxy section */
		495D54A423E1D88600481CD4 /* PBXContainerItemProxy */ = {
			isa = PBXContainerItemProxy;
			containerPortal = 495D548723E1D88400481CD4 /* Project object */;
			proxyType = 1;
			remoteGlobalIDString = 495D548E23E1D88400481CD4;
			remoteInfo = ImageCacheriOS;
		};
		495D54AF23E1D88600481CD4 /* PBXContainerItemProxy */ = {
			isa = PBXContainerItemProxy;
			containerPortal = 495D548723E1D88400481CD4 /* Project object */;
			proxyType = 1;
			remoteGlobalIDString = 495D548E23E1D88400481CD4;
			remoteInfo = ImageCacheriOS;
		};
/* End PBXContainerItemProxy section */

/* Begin PBXFileReference section */
		495D548F23E1D88400481CD4 /* ImageCacheriOS.app */ = {isa = PBXFileReference; explicitFileType = wrapper.application; includeInIndex = 0; path = ImageCacheriOS.app; sourceTree = BUILT_PRODUCTS_DIR; };
		495D549223E1D88400481CD4 /* AppDelegate.swift */ = {isa = PBXFileReference; lastKnownFileType = sourcecode.swift; path = AppDelegate.swift; sourceTree = "<group>"; };
		495D549423E1D88400481CD4 /* ViewController.swift */ = {isa = PBXFileReference; lastKnownFileType = sourcecode.swift; path = ViewController.swift; sourceTree = "<group>"; };
		495D549723E1D88400481CD4 /* Base */ = {isa = PBXFileReference; lastKnownFileType = file.storyboard; name = Base; path = Base.lproj/Main.storyboard; sourceTree = "<group>"; };
		495D549923E1D88600481CD4 /* Assets.xcassets */ = {isa = PBXFileReference; lastKnownFileType = folder.assetcatalog; path = Assets.xcassets; sourceTree = "<group>"; };
		495D549C23E1D88600481CD4 /* Base */ = {isa = PBXFileReference; lastKnownFileType = file.storyboard; name = Base; path = Base.lproj/LaunchScreen.storyboard; sourceTree = "<group>"; };
		495D549E23E1D88600481CD4 /* Info.plist */ = {isa = PBXFileReference; lastKnownFileType = text.plist.xml; path = Info.plist; sourceTree = "<group>"; };
		495D54A323E1D88600481CD4 /* ImageCacheriOSTests.xctest */ = {isa = PBXFileReference; explicitFileType = wrapper.cfbundle; includeInIndex = 0; path = ImageCacheriOSTests.xctest; sourceTree = BUILT_PRODUCTS_DIR; };
		495D54A723E1D88600481CD4 /* ImageCacheriOSTests.swift */ = {isa = PBXFileReference; lastKnownFileType = sourcecode.swift; path = ImageCacheriOSTests.swift; sourceTree = "<group>"; };
		495D54A923E1D88600481CD4 /* Info.plist */ = {isa = PBXFileReference; lastKnownFileType = text.plist.xml; path = Info.plist; sourceTree = "<group>"; };
		495D54AE23E1D88600481CD4 /* ImageCacheriOSUITests.xctest */ = {isa = PBXFileReference; explicitFileType = wrapper.cfbundle; includeInIndex = 0; path = ImageCacheriOSUITests.xctest; sourceTree = BUILT_PRODUCTS_DIR; };
		495D54B223E1D88600481CD4 /* ImageCacheriOSUITests.swift */ = {isa = PBXFileReference; lastKnownFileType = sourcecode.swift; path = ImageCacheriOSUITests.swift; sourceTree = "<group>"; };
		495D54B423E1D88600481CD4 /* Info.plist */ = {isa = PBXFileReference; lastKnownFileType = text.plist.xml; path = Info.plist; sourceTree = "<group>"; };
/* End PBXFileReference section */

/* Begin PBXFrameworksBuildPhase section */
		495D548C23E1D88400481CD4 /* Frameworks */ = {
			isa = PBXFrameworksBuildPhase;
			buildActionMask = 2147483647;
			files = (
			);
			runOnlyForDeploymentPostprocessing = 0;
		};
		495D54A023E1D88600481CD4 /* Frameworks */ = {
			isa = PBXFrameworksBuildPhase;
			buildActionMask = 2147483647;
			files = (
			);
			runOnlyForDeploymentPostprocessing = 0;
		};
		495D54AB23E1D88600481CD4 /* Frameworks */ = {
			isa = PBXFrameworksBuildPhase;
			buildActionMask = 2147483647;
			files = (
			);
			runOnlyForDeploymentPostprocessing = 0;
		};
/* End PBXFrameworksBuildPhase section */

/* Begin PBXGroup section */
		495D548623E1D88400481CD4 = {
			isa = PBXGroup;
			children = (
				495D549123E1D88400481CD4 /* ImageCacheriOS */,
				495D54A623E1D88600481CD4 /* ImageCacheriOSTests */,
				495D54B123E1D88600481CD4 /* ImageCacheriOSUITests */,
				495D549023E1D88400481CD4 /* Products */,
			);
			sourceTree = "<group>";
		};
		495D549023E1D88400481CD4 /* Products */ = {
			isa = PBXGroup;
			children = (
				495D548F23E1D88400481CD4 /* ImageCacheriOS.app */,
				495D54A323E1D88600481CD4 /* ImageCacheriOSTests.xctest */,
				495D54AE23E1D88600481CD4 /* ImageCacheriOSUITests.xctest */,
			);
			name = Products;
			sourceTree = "<group>";
		};
		495D549123E1D88400481CD4 /* ImageCacheriOS */ = {
			isa = PBXGroup;
			children = (
				495D549223E1D88400481CD4 /* AppDelegate.swift */,
				495D549423E1D88400481CD4 /* ViewController.swift */,
				495D549623E1D88400481CD4 /* Main.storyboard */,
				495D549923E1D88600481CD4 /* Assets.xcassets */,
				495D549B23E1D88600481CD4 /* LaunchScreen.storyboard */,
				495D549E23E1D88600481CD4 /* Info.plist */,
			);
			path = ImageCacheriOS;
			sourceTree = "<group>";
		};
		495D54A623E1D88600481CD4 /* ImageCacheriOSTests */ = {
			isa = PBXGroup;
			children = (
				495D54A723E1D88600481CD4 /* ImageCacheriOSTests.swift */,
				495D54A923E1D88600481CD4 /* Info.plist */,
			);
			path = ImageCacheriOSTests;
			sourceTree = "<group>";
		};
		495D54B123E1D88600481CD4 /* ImageCacheriOSUITests */ = {
			isa = PBXGroup;
			children = (
				495D54B223E1D88600481CD4 /* ImageCacheriOSUITests.swift */,
				495D54B423E1D88600481CD4 /* Info.plist */,
			);
			path = ImageCacheriOSUITests;
			sourceTree = "<group>";
		};
/* End PBXGroup section */

/* Begin PBXNativeTarget section */
		495D548E23E1D88400481CD4 /* ImageCacheriOS */ = {
			isa = PBXNativeTarget;
			buildConfigurationList = 495D54B723E1D88600481CD4 /* Build configuration list for PBXNativeTarget "ImageCacheriOS" */;
			buildPhases = (
				495D548B23E1D88400481CD4 /* Sources */,
				495D548C23E1D88400481CD4 /* Frameworks */,
				495D548D23E1D88400481CD4 /* Resources */,
			);
			buildRules = (
			);
			dependencies = (
			);
			name = ImageCacheriOS;
			productName = ImageCacheriOS;
			productReference = 495D548F23E1D88400481CD4 /* ImageCacheriOS.app */;
			productType = "com.apple.product-type.application";
		};
		495D54A223E1D88600481CD4 /* ImageCacheriOSTests */ = {
			isa = PBXNativeTarget;
			buildConfigurationList = 495D54BA23E1D88600481CD4 /* Build configuration list for PBXNativeTarget "ImageCacheriOSTests" */;
			buildPhases = (
				495D549F23E1D88600481CD4 /* Sources */,
				495D54A023E1D88600481CD4 /* Frameworks */,
				495D54A123E1D88600481CD4 /* Resources */,
			);
			buildRules = (
			);
			dependencies = (
				495D54A523E1D88600481CD4 /* PBXTargetDependency */,
			);
			name = ImageCacheriOSTests;
			productName = ImageCacheriOSTests;
			productReference = 495D54A323E1D88600481CD4 /* ImageCacheriOSTests.xctest */;
			productType = "com.apple.product-type.bundle.unit-test";
		};
		495D54AD23E1D88600481CD4 /* ImageCacheriOSUITests */ = {
			isa = PBXNativeTarget;
			buildConfigurationList = 495D54BD23E1D88600481CD4 /* Build configuration list for PBXNativeTarget "ImageCacheriOSUITests" */;
			buildPhases = (
				495D54AA23E1D88600481CD4 /* Sources */,
				495D54AB23E1D88600481CD4 /* Frameworks */,
				495D54AC23E1D88600481CD4 /* Resources */,
			);
			buildRules = (
			);
			dependencies = (
				495D54B023E1D88600481CD4 /* PBXTargetDependency */,
			);
			name = ImageCacheriOSUITests;
			productName = ImageCacheriOSUITests;
			productReference = 495D54AE23E1D88600481CD4 /* ImageCacheriOSUITests.xctest */;
			productType = "com.apple.product-type.bundle.ui-testing";
		};
/* End PBXNativeTarget section */

/* Begin PBXProject section */
		495D548723E1D88400481CD4 /* Project object */ = {
			isa = PBXProject;
			attributes = {
				LastSwiftUpdateCheck = 1010;
				LastUpgradeCheck = 1010;
				ORGANIZATIONNAME = Jefin;
				TargetAttributes = {
					495D548E23E1D88400481CD4 = {
						CreatedOnToolsVersion = 10.1;
					};
					495D54A223E1D88600481CD4 = {
						CreatedOnToolsVersion = 10.1;
						TestTargetID = 495D548E23E1D88400481CD4;
					};
					495D54AD23E1D88600481CD4 = {
						CreatedOnToolsVersion = 10.1;
						TestTargetID = 495D548E23E1D88400481CD4;
					};
				};
			};
			buildConfigurationList = 495D548A23E1D88400481CD4 /* Build configuration list for PBXProject "ImageCacheriOS" */;
			compatibilityVersion = "Xcode 9.3";
			developmentRegion = en;
			hasScannedForEncodings = 0;
			knownRegions = (
				en,
				Base,
			);
			mainGroup = 495D548623E1D88400481CD4;
			productRefGroup = 495D549023E1D88400481CD4 /* Products */;
			projectDirPath = "";
			projectRoot = "";
			targets = (
				495D548E23E1D88400481CD4 /* ImageCacheriOS */,
				495D54A223E1D88600481CD4 /* ImageCacheriOSTests */,
				495D54AD23E1D88600481CD4 /* ImageCacheriOSUITests */,
			);
		};
/* End PBXProject section */

/* Begin PBXResourcesBuildPhase section */
		495D548D23E1D88400481CD4 /* Resources */ = {
			isa = PBXResourcesBuildPhase;
			buildActionMask = 2147483647;
			files = (
				495D549D23E1D88600481CD4 /* LaunchScreen.storyboard in Resources */,
				495D549A23E1D88600481CD4 /* Assets.xcassets in Resources */,
				495D549823E1D88400481CD4 /* Main.storyboard in Resources */,
			);
			runOnlyForDeploymentPostprocessing = 0;
		};
		495D54A123E1D88600481CD4 /* Resources */ = {
			isa = PBXResourcesBuildPhase;
			buildActionMask = 2147483647;
			files = (
			);
			runOnlyForDeploymentPostprocessing = 0;
		};
		495D54AC23E1D88600481CD4 /* Resources */ = {
			isa = PBXResourcesBuildPhase;
			buildActionMask = 2147483647;
			files = (
			);
			runOnlyForDeploymentPostprocessing = 0;
		};
/* End PBXResourcesBuildPhase section */

/* Begin PBXSourcesBuildPhase section */
		495D548B23E1D88400481CD4 /* Sources */ = {
			isa = PBXSourcesBuildPhase;
			buildActionMask = 2147483647;
			files = (
				495D549523E1D88400481CD4 /* ViewController.swift in Sources */,
				495D549323E1D88400481CD4 /* AppDelegate.swift in Sources */,
			);
			runOnlyForDeploymentPostprocessing = 0;
		};
		495D549F23E1D88600481CD4 /* Sources */ = {
			isa = PBXSourcesBuildPhase;
			buildActionMask = 2147483647;
			files = (
				495D54A823E1D88600481CD4 /* ImageCacheriOSTests.swift in Sources */,
			);
			runOnlyForDeploymentPostprocessing = 0;
		};
		495D54AA23E1D88600481CD4 /* Sources */ = {
			isa = PBXSourcesBuildPhase;
			buildActionMask = 2147483647;
			files = (
				495D54B323E1D88600481CD4 /* ImageCacheriOSUITests.swift in Sources */,
			);
			runOnlyForDeploymentPostprocessing = 0;
		};
/* End PBXSourcesBuildPhase section */

/* Begin PBXTargetDependency section */
		495D54A523E1D88600481CD4 /* PBXTargetDependency */ = {
			isa = PBXTargetDependency;
			target = 495D548E23E1D88400481CD4 /* ImageCacheriOS */;
			targetProxy = 495D54A423E1D88600481CD4 /* PBXContainerItemProxy */;
		};
		495D54B023E1D88600481CD4 /* PBXTargetDependency */ = {
			isa = PBXTargetDependency;
			target = 495D548E23E1D88400481CD4 /* ImageCacheriOS */;
			targetProxy = 495D54AF23E1D88600481CD4 /* PBXContainerItemProxy */;
		};
/* End PBXTargetDependency section */

/* Begin PBXVariantGroup section */
		495D549623E1D88400481CD4 /* Main.storyboard */ = {
			isa = PBXVariantGroup;
			children = (
				495D549723E1D88400481CD4 /* Base */,
			);
			name = Main.storyboard;
			sourceTree = "<group>";
		};
		495D549B23E1D88600481CD4 /* LaunchScreen.storyboard */ = {
			isa = PBXVariantGroup;
			children = (
				495D549C23E1D88600481CD4 /* Base */,
			);
			name = LaunchScreen.storyboard;
			sourceTree = "<group>";
		};
/* End PBXVariantGroup section */

/* Begin XCBuildConfiguration section */
		495D54B523E1D88600481CD4 /* Debug */ = {
			isa = XCBuildConfiguration;
			buildSettings = {
				ALWAYS_SEARCH_USER_PATHS = NO;
				CLANG_ANALYZER_NONNULL = YES;
				CLANG_ANALYZER_NUMBER_OBJECT_CONVERSION = YES_AGGRESSIVE;
				CLANG_CXX_LANGUAGE_STANDARD = "gnu++14";
				CLANG_CXX_LIBRARY = "libc++";
				CLANG_ENABLE_MODULES = YES;
				CLANG_ENABLE_OBJC_ARC = YES;
				CLANG_ENABLE_OBJC_WEAK = YES;
				CLANG_WARN_BLOCK_CAPTURE_AUTORELEASING = YES;
				CLANG_WARN_BOOL_CONVERSION = YES;
				CLANG_WARN_COMMA = YES;
				CLANG_WARN_CONSTANT_CONVERSION = YES;
				CLANG_WARN_DEPRECATED_OBJC_IMPLEMENTATIONS = YES;
				CLANG_WARN_DIRECT_OBJC_ISA_USAGE = YES_ERROR;
				CLANG_WARN_DOCUMENTATION_COMMENTS = YES;
				CLANG_WARN_EMPTY_BODY = YES;
				CLANG_WARN_ENUM_CONVERSION = YES;
				CLANG_WARN_INFINITE_RECURSION = YES;
				CLANG_WARN_INT_CONVERSION = YES;
				CLANG_WARN_NON_LITERAL_NULL_CONVERSION = YES;
				CLANG_WARN_OBJC_IMPLICIT_RETAIN_SELF = YES;
				CLANG_WARN_OBJC_LITERAL_CONVERSION = YES;
				CLANG_WARN_OBJC_ROOT_CLASS = YES_ERROR;
				CLANG_WARN_RANGE_LOOP_ANALYSIS = YES;
				CLANG_WARN_STRICT_PROTOTYPES = YES;
				CLANG_WARN_SUSPICIOUS_MOVE = YES;
				CLANG_WARN_UNGUARDED_AVAILABILITY = YES_AGGRESSIVE;
				CLANG_WARN_UNREACHABLE_CODE = YES;
				CLANG_WARN__DUPLICATE_METHOD_MATCH = YES;
				CODE_SIGN_IDENTITY = "iPhone Developer";
				COPY_PHASE_STRIP = NO;
				DEBUG_INFORMATION_FORMAT = dwarf;
				ENABLE_STRICT_OBJC_MSGSEND = YES;
				ENABLE_TESTABILITY = YES;
				GCC_C_LANGUAGE_STANDARD = gnu11;
				GCC_DYNAMIC_NO_PIC = NO;
				GCC_NO_COMMON_BLOCKS = YES;
				GCC_OPTIMIZATION_LEVEL = 0;
				GCC_PREPROCESSOR_DEFINITIONS = (
					"DEBUG=1",
					"$(inherited)",
				);
				GCC_WARN_64_TO_32_BIT_CONVERSION = YES;
				GCC_WARN_ABOUT_RETURN_TYPE = YES_ERROR;
				GCC_WARN_UNDECLARED_SELECTOR = YES;
				GCC_WARN_UNINITIALIZED_AUTOS = YES_AGGRESSIVE;
				GCC_WARN_UNUSED_FUNCTION = YES;
				GCC_WARN_UNUSED_VARIABLE = YES;
				IPHONEOS_DEPLOYMENT_TARGET = 12.1;
				MTL_ENABLE_DEBUG_INFO = INCLUDE_SOURCE;
				MTL_FAST_MATH = YES;
				ONLY_ACTIVE_ARCH = YES;
				SDKROOT = iphoneos;
				SWIFT_ACTIVE_COMPILATION_CONDITIONS = DEBUG;
				SWIFT_OPTIMIZATION_LEVEL = "-Onone";
			};
			name = Debug;
		};
		495D54B623E1D88600481CD4 /* Release */ = {
			isa = XCBuildConfiguration;
			buildSettings = {
				ALWAYS_SEARCH_USER_PATHS = NO;
				CLANG_ANALYZER_NONNULL = YES;
				CLANG_ANALYZER_NUMBER_OBJECT_CONVERSION = YES_AGGRESSIVE;
				CLANG_CXX_LANGUAGE_STANDARD = "gnu++14";
				CLANG_CXX_LIBRARY = "libc++";
				CLANG_ENABLE_MODULES = YES;
				CLANG_ENABLE_OBJC_ARC = YES;
				CLANG_ENABLE_OBJC_WEAK = YES;
				CLANG_WARN_BLOCK_CAPTURE_AUTORELEASING = YES;
				CLANG_WARN_BOOL_CONVERSION = YES;
				CLANG_WARN_COMMA = YES;
				CLANG_WARN_CONSTANT_CONVERSION = YES;
				CLANG_WARN_DEPRECATED_OBJC_IMPLEMENTATIONS = YES;
				CLANG_WARN_DIRECT_OBJC_ISA_USAGE = YES_ERROR;
				CLANG_WARN_DOCUMENTATION_COMMENTS = YES;
				CLANG_WARN_EMPTY_BODY = YES;
				CLANG_WARN_ENUM_CONVERSION = YES;
				CLANG_WARN_INFINITE_RECURSION = YES;
				CLANG_WARN_INT_CONVERSION = YES;
				CLANG_WARN_NON_LITERAL_NULL_CONVERSION = YES;
				CLANG_WARN_OBJC_IMPLICIT_RETAIN_SELF = YES;
				CLANG_WARN_OBJC_LITERAL_CONVERSION = YES;
				CLANG_WARN_OBJC_ROOT_CLASS = YES_ERROR;
				CLANG_WARN_RANGE_LOOP_ANALYSIS = YES;
				CLANG_WARN_STRICT_PROTOTYPES = YES;
				CLANG_WARN_SUSPICIOUS_MOVE = YES;
				CLANG_WARN_UNGUARDED_AVAILABILITY = YES_AGGRESSIVE;
				CLANG_WARN_UNREACHABLE_CODE = YES;
				CLANG_WARN__DUPLICATE_METHOD_MATCH = YES;
				CODE_SIGN_IDENTITY = "iPhone Developer";
				COPY_PHASE_STRIP = NO;
				DEBUG_INFORMATION_FORMAT = "dwarf-with-dsym";
				ENABLE_NS_ASSERTIONS = NO;
				ENABLE_STRICT_OBJC_MSGSEND = YES;
				GCC_C_LANGUAGE_STANDARD = gnu11;
				GCC_NO_COMMON_BLOCKS = YES;
				GCC_WARN_64_TO_32_BIT_CONVERSION = YES;
				GCC_WARN_ABOUT_RETURN_TYPE = YES_ERROR;
				GCC_WARN_UNDECLARED_SELECTOR = YES;
				GCC_WARN_UNINITIALIZED_AUTOS = YES_AGGRESSIVE;
				GCC_WARN_UNUSED_FUNCTION = YES;
				GCC_WARN_UNUSED_VARIABLE = YES;
				IPHONEOS_DEPLOYMENT_TARGET = 12.1;
				MTL_ENABLE_DEBUG_INFO = NO;
				MTL_FAST_MATH = YES;
				SDKROOT = iphoneos;
				SWIFT_COMPILATION_MODE = wholemodule;
				SWIFT_OPTIMIZATION_LEVEL = "-O";
				VALIDATE_PRODUCT = YES;
			};
			name = Release;
		};
		495D54B823E1D88600481CD4 /* Debug */ = {
			isa = XCBuildConfiguration;
			buildSettings = {
				ASSETCATALOG_COMPILER_APPICON_NAME = AppIcon;
				CODE_SIGN_STYLE = Automatic;
				DEVELOPMENT_TEAM = 3874Q24RAH;
				INFOPLIST_FILE = ImageCacheriOS/Info.plist;
				LD_RUNPATH_SEARCH_PATHS = (
					"$(inherited)",
					"@executable_path/Frameworks",
				);
				PRODUCT_BUNDLE_IDENTIFIER = com.jefin.ImageCacheriOS;
				PRODUCT_NAME = "$(TARGET_NAME)";
				SWIFT_VERSION = 4.2;
				TARGETED_DEVICE_FAMILY = "1,2";
			};
			name = Debug;
		};
		495D54B923E1D88600481CD4 /* Release */ = {
			isa = XCBuildConfiguration;
			buildSettings = {
				ASSETCATALOG_COMPILER_APPICON_NAME = AppIcon;
				CODE_SIGN_STYLE = Automatic;
				DEVELOPMENT_TEAM = 3874Q24RAH;
				INFOPLIST_FILE = ImageCacheriOS/Info.plist;
				LD_RUNPATH_SEARCH_PATHS = (
					"$(inherited)",
					"@executable_path/Frameworks",
				);
				PRODUCT_BUNDLE_IDENTIFIER = com.jefin.ImageCacheriOS;
				PRODUCT_NAME = "$(TARGET_NAME)";
				SWIFT_VERSION = 4.2;
				TARGETED_DEVICE_FAMILY = "1,2";
			};
			name = Release;
		};
		495D54BB23E1D88600481CD4 /* Debug */ = {
			isa = XCBuildConfiguration;
			buildSettings = {
				ALWAYS_EMBED_SWIFT_STANDARD_LIBRARIES = YES;
				BUNDLE_LOADER = "$(TEST_HOST)";
				CODE_SIGN_STYLE = Automatic;
				DEVELOPMENT_TEAM = 3874Q24RAH;
				INFOPLIST_FILE = ImageCacheriOSTests/Info.plist;
				LD_RUNPATH_SEARCH_PATHS = (
					"$(inherited)",
					"@executable_path/Frameworks",
					"@loader_path/Frameworks",
				);
				PRODUCT_BUNDLE_IDENTIFIER = com.jefin.ImageCacheriOSTests;
				PRODUCT_NAME = "$(TARGET_NAME)";
				SWIFT_VERSION = 4.2;
				TARGETED_DEVICE_FAMILY = "1,2";
				TEST_HOST = "$(BUILT_PRODUCTS_DIR)/ImageCacheriOS.app/ImageCacheriOS";
			};
			name = Debug;
		};
		495D54BC23E1D88600481CD4 /* Release */ = {
			isa = XCBuildConfiguration;
			buildSettings = {
				ALWAYS_EMBED_SWIFT_STANDARD_LIBRARIES = YES;
				BUNDLE_LOADER = "$(TEST_HOST)";
				CODE_SIGN_STYLE = Automatic;
				DEVELOPMENT_TEAM = 3874Q24RAH;
				INFOPLIST_FILE = ImageCacheriOSTests/Info.plist;
				LD_RUNPATH_SEARCH_PATHS = (
					"$(inherited)",
					"@executable_path/Frameworks",
					"@loader_path/Frameworks",
				);
				PRODUCT_BUNDLE_IDENTIFIER = com.jefin.ImageCacheriOSTests;
				PRODUCT_NAME = "$(TARGET_NAME)";
				SWIFT_VERSION = 4.2;
				TARGETED_DEVICE_FAMILY = "1,2";
				TEST_HOST = "$(BUILT_PRODUCTS_DIR)/ImageCacheriOS.app/ImageCacheriOS";
			};
			name = Release;
		};
		495D54BE23E1D88600481CD4 /* Debug */ = {
			isa = XCBuildConfiguration;
			buildSettings = {
				ALWAYS_EMBED_SWIFT_STANDARD_LIBRARIES = YES;
				CODE_SIGN_STYLE = Automatic;
				DEVELOPMENT_TEAM = 3874Q24RAH;
				INFOPLIST_FILE = ImageCacheriOSUITests/Info.plist;
				LD_RUNPATH_SEARCH_PATHS = (
					"$(inherited)",
					"@executable_path/Frameworks",
					"@loader_path/Frameworks",
				);
				PRODUCT_BUNDLE_IDENTIFIER = com.jefin.ImageCacheriOSUITests;
				PRODUCT_NAME = "$(TARGET_NAME)";
				SWIFT_VERSION = 4.2;
				TARGETED_DEVICE_FAMILY = "1,2";
				TEST_TARGET_NAME = ImageCacheriOS;
			};
			name = Debug;
		};
		495D54BF23E1D88600481CD4 /* Release */ = {
			isa = XCBuildConfiguration;
			buildSettings = {
				ALWAYS_EMBED_SWIFT_STANDARD_LIBRARIES = YES;
				CODE_SIGN_STYLE = Automatic;
				DEVELOPMENT_TEAM = 3874Q24RAH;
				INFOPLIST_FILE = ImageCacheriOSUITests/Info.plist;
				LD_RUNPATH_SEARCH_PATHS = (
					"$(inherited)",
					"@executable_path/Frameworks",
					"@loader_path/Frameworks",
				);
				PRODUCT_BUNDLE_IDENTIFIER = com.jefin.ImageCacheriOSUITests;
				PRODUCT_NAME = "$(TARGET_NAME)";
				SWIFT_VERSION = 4.2;
				TARGETED_DEVICE_FAMILY = "1,2";
				TEST_TARGET_NAME = ImageCacheriOS;
			};
			name = Release;
		};
/* End XCBuildConfiguration section */

/* Begin XCConfigurationList section */
		495D548A23E1D88400481CD4 /* Build configuration list for PBXProject "ImageCacheriOS" */ = {
			isa = XCConfigurationList;
			buildConfigurations = (
				495D54B523E1D88600481CD4 /* Debug */,
				495D54B623E1D88600481CD4 /* Release */,
			);
			defaultConfigurationIsVisible = 0;
			defaultConfigurationName = Release;
		};
		495D54B723E1D88600481CD4 /* Build configuration list for PBXNativeTarget "ImageCacheriOS" */ = {
			isa = XCConfigurationList;
			buildConfigurations = (
				495D54B823E1D88600481CD4 /* Debug */,
				495D54B923E1D88600481CD4 /* Release */,
			);
			defaultConfigurationIsVisible = 0;
			defaultConfigurationName = Release;
		};
		495D54BA23E1D88600481CD4 /* Build configuration list for PBXNativeTarget "ImageCacheriOSTests" */ = {
			isa = XCConfigurationList;
			buildConfigurations = (
				495D54BB23E1D88600481CD4 /* Debug */,
				495D54BC23E1D88600481CD4 /* Release */,
			);
			defaultConfigurationIsVisible = 0;
			defaultConfigurationName = Release;
		};
		495D54BD23E1D88600481CD4 /* Build configuration list for PBXNativeTarget "ImageCacheriOSUITests" */ = {
			isa = XCConfigurationList;
			buildConfigurations = (
				495D54BE23E1D88600481CD4 /* Debug */,
				495D54BF23E1D88600481CD4 /* Release */,
			);
			defaultConfigurationIsVisible = 0;
			defaultConfigurationName = Release;
		};
/* End XCConfigurationList section */
	};
	rootObject = 495D548723E1D88400481CD4 /* Project object */;
}
